// !$*UTF8*$!
{
	archiveVersion = 1;
	classes = {
	};
	objectVersion = 46;
	objects = {

/* Begin PBXBuildFile section */
		A2269A0B1A9479B400892EB0 /* title.png in Resources */ = {isa = PBXBuildFile; fileRef = A2269A0A1A9479B400892EB0 /* title.png */; };
		A2269A0F1A947B5F00892EB0 /* shuffleButton.png in Resources */ = {isa = PBXBuildFile; fileRef = A2269A0D1A947B5F00892EB0 /* shuffleButton.png */; };
		A2269A111A947C2800892EB0 /* resetButton.png in Resources */ = {isa = PBXBuildFile; fileRef = A2269A101A947C2800892EB0 /* resetButton.png */; };
		A257FAD51A956CC8002DA810 /* PuzzleGame.m in Sources */ = {isa = PBXBuildFile; fileRef = A257FAD41A956CC8002DA810 /* PuzzleGame.m */; };
		A2DB98FD1A940EC000CBBEDB /* main.m in Sources */ = {isa = PBXBuildFile; fileRef = A2DB98FC1A940EC000CBBEDB /* main.m */; };
		A2DB99001A940EC000CBBEDB /* AppDelegate.m in Sources */ = {isa = PBXBuildFile; fileRef = A2DB98FF1A940EC000CBBEDB /* AppDelegate.m */; };
		A2DB99031A940EC000CBBEDB /* ViewController.m in Sources */ = {isa = PBXBuildFile; fileRef = A2DB99021A940EC000CBBEDB /* ViewController.m */; };
		A2DB99061A940EC000CBBEDB /* Main.storyboard in Resources */ = {isa = PBXBuildFile; fileRef = A2DB99041A940EC000CBBEDB /* Main.storyboard */; };
		A2DB99081A940EC000CBBEDB /* Images.xcassets in Resources */ = {isa = PBXBuildFile; fileRef = A2DB99071A940EC000CBBEDB /* Images.xcassets */; };
		A2DB990B1A940EC000CBBEDB /* LaunchScreen.xib in Resources */ = {isa = PBXBuildFile; fileRef = A2DB99091A940EC000CBBEDB /* LaunchScreen.xib */; };
		A2DB99171A940EC000CBBEDB /* Puzzle_15Tests.m in Sources */ = {isa = PBXBuildFile; fileRef = A2DB99161A940EC000CBBEDB /* Puzzle_15Tests.m */; };
		A2E007121A94211B00487DFB /* blankTile.png in Resources */ = {isa = PBXBuildFile; fileRef = A2E007021A94211B00487DFB /* blankTile.png */; };
		A2E007131A94211B00487DFB /* fifteenTile.png in Resources */ = {isa = PBXBuildFile; fileRef = A2E007031A94211B00487DFB /* fifteenTile.png */; };
		A2E007141A94211B00487DFB /* fourteenTile.png in Resources */ = {isa = PBXBuildFile; fileRef = A2E007041A94211B00487DFB /* fourteenTile.png */; };
		A2E007151A94211B00487DFB /* thirteenTile.png in Resources */ = {isa = PBXBuildFile; fileRef = A2E007051A94211B00487DFB /* thirteenTile.png */; };
		A2E007161A94211B00487DFB /* twelveTile.png in Resources */ = {isa = PBXBuildFile; fileRef = A2E007061A94211B00487DFB /* twelveTile.png */; };
		A2E007171A94211B00487DFB /* elevenTile.png in Resources */ = {isa = PBXBuildFile; fileRef = A2E007071A94211B00487DFB /* elevenTile.png */; };
		A2E007181A94211B00487DFB /* tenTile.png in Resources */ = {isa = PBXBuildFile; fileRef = A2E007081A94211B00487DFB /* tenTile.png */; };
		A2E007191A94211B00487DFB /* nineTile.png in Resources */ = {isa = PBXBuildFile; fileRef = A2E007091A94211B00487DFB /* nineTile.png */; };
		A2E0071A1A94211B00487DFB /* eightTile.png in Resources */ = {isa = PBXBuildFile; fileRef = A2E0070A1A94211B00487DFB /* eightTile.png */; };
		A2E0071B1A94211B00487DFB /* sevenTile.png in Resources */ = {isa = PBXBuildFile; fileRef = A2E0070B1A94211B00487DFB /* sevenTile.png */; };
		A2E0071C1A94211B00487DFB /* sixTile.png in Resources */ = {isa = PBXBuildFile; fileRef = A2E0070C1A94211B00487DFB /* sixTile.png */; };
		A2E0071D1A94211B00487DFB /* fiveTile.png in Resources */ = {isa = PBXBuildFile; fileRef = A2E0070D1A94211B00487DFB /* fiveTile.png */; };
		A2E0071E1A94211B00487DFB /* fourTile.png in Resources */ = {isa = PBXBuildFile; fileRef = A2E0070E1A94211B00487DFB /* fourTile.png */; };
		A2E0071F1A94211B00487DFB /* threeTile.png in Resources */ = {isa = PBXBuildFile; fileRef = A2E0070F1A94211B00487DFB /* threeTile.png */; };
		A2E007201A94211B00487DFB /* twoTile.png in Resources */ = {isa = PBXBuildFile; fileRef = A2E007101A94211B00487DFB /* twoTile.png */; };
		A2E007211A94211B00487DFB /* oneTile.png in Resources */ = {isa = PBXBuildFile; fileRef = A2E007111A94211B00487DFB /* oneTile.png */; };
		A2E007231A94268100487DFB /* Entitlements.plist in Resources */ = {isa = PBXBuildFile; fileRef = A2E007221A94268100487DFB /* Entitlements.plist */; };
/* End PBXBuildFile section */

/* Begin PBXContainerItemProxy section */
		A2DB99111A940EC000CBBEDB /* PBXContainerItemProxy */ = {
			isa = PBXContainerItemProxy;
			containerPortal = A2DB98EF1A940EBF00CBBEDB /* Project object */;
			proxyType = 1;
			remoteGlobalIDString = A2DB98F61A940EBF00CBBEDB;
			remoteInfo = "Puzzle 15";
		};
/* End PBXContainerItemProxy section */

/* Begin PBXFileReference section */
		A2269A0A1A9479B400892EB0 /* title.png */ = {isa = PBXFileReference; lastKnownFileType = image.png; path = title.png; sourceTree = "<group>"; };
		A2269A0D1A947B5F00892EB0 /* shuffleButton.png */ = {isa = PBXFileReference; lastKnownFileType = image.png; path = shuffleButton.png; sourceTree = "<group>"; };
		A2269A101A947C2800892EB0 /* resetButton.png */ = {isa = PBXFileReference; lastKnownFileType = image.png; path = resetButton.png; sourceTree = "<group>"; };
		A257FAD31A956CC8002DA810 /* PuzzleGame.h */ = {isa = PBXFileReference; fileEncoding = 4; lastKnownFileType = sourcecode.c.h; path = PuzzleGame.h; sourceTree = "<group>"; };
		A257FAD41A956CC8002DA810 /* PuzzleGame.m */ = {isa = PBXFileReference; fileEncoding = 4; lastKnownFileType = sourcecode.c.objc; path = PuzzleGame.m; sourceTree = "<group>"; };
		A2DB98F71A940EC000CBBEDB /* Puzzle 15.app */ = {isa = PBXFileReference; explicitFileType = wrapper.application; includeInIndex = 0; path = "Puzzle 15.app"; sourceTree = BUILT_PRODUCTS_DIR; };
		A2DB98FB1A940EC000CBBEDB /* Info.plist */ = {isa = PBXFileReference; lastKnownFileType = text.plist.xml; path = Info.plist; sourceTree = "<group>"; };
		A2DB98FC1A940EC000CBBEDB /* main.m */ = {isa = PBXFileReference; lastKnownFileType = sourcecode.c.objc; path = main.m; sourceTree = "<group>"; };
		A2DB98FE1A940EC000CBBEDB /* AppDelegate.h */ = {isa = PBXFileReference; lastKnownFileType = sourcecode.c.h; path = AppDelegate.h; sourceTree = "<group>"; };
		A2DB98FF1A940EC000CBBEDB /* AppDelegate.m */ = {isa = PBXFileReference; lastKnownFileType = sourcecode.c.objc; path = AppDelegate.m; sourceTree = "<group>"; };
		A2DB99011A940EC000CBBEDB /* ViewController.h */ = {isa = PBXFileReference; lastKnownFileType = sourcecode.c.h; path = ViewController.h; sourceTree = "<group>"; };
		A2DB99021A940EC000CBBEDB /* ViewController.m */ = {isa = PBXFileReference; lastKnownFileType = sourcecode.c.objc; path = ViewController.m; sourceTree = "<group>"; };
		A2DB99051A940EC000CBBEDB /* Base */ = {isa = PBXFileReference; lastKnownFileType = file.storyboard; name = Base; path = Base.lproj/Main.storyboard; sourceTree = "<group>"; };
		A2DB99071A940EC000CBBEDB /* Images.xcassets */ = {isa = PBXFileReference; lastKnownFileType = folder.assetcatalog; path = Images.xcassets; sourceTree = "<group>"; };
		A2DB990A1A940EC000CBBEDB /* Base */ = {isa = PBXFileReference; lastKnownFileType = file.xib; name = Base; path = Base.lproj/LaunchScreen.xib; sourceTree = "<group>"; };
		A2DB99101A940EC000CBBEDB /* Puzzle 15Tests.xctest */ = {isa = PBXFileReference; explicitFileType = wrapper.cfbundle; includeInIndex = 0; path = "Puzzle 15Tests.xctest"; sourceTree = BUILT_PRODUCTS_DIR; };
		A2DB99151A940EC000CBBEDB /* Info.plist */ = {isa = PBXFileReference; lastKnownFileType = text.plist.xml; path = Info.plist; sourceTree = "<group>"; };
		A2DB99161A940EC000CBBEDB /* Puzzle_15Tests.m */ = {isa = PBXFileReference; lastKnownFileType = sourcecode.c.objc; path = Puzzle_15Tests.m; sourceTree = "<group>"; };
		A2E007021A94211B00487DFB /* blankTile.png */ = {isa = PBXFileReference; lastKnownFileType = image.png; path = blankTile.png; sourceTree = "<group>"; };
		A2E007031A94211B00487DFB /* fifteenTile.png */ = {isa = PBXFileReference; lastKnownFileType = image.png; path = fifteenTile.png; sourceTree = "<group>"; };
		A2E007041A94211B00487DFB /* fourteenTile.png */ = {isa = PBXFileReference; lastKnownFileType = image.png; path = fourteenTile.png; sourceTree = "<group>"; };
		A2E007051A94211B00487DFB /* thirteenTile.png */ = {isa = PBXFileReference; lastKnownFileType = image.png; path = thirteenTile.png; sourceTree = "<group>"; };
		A2E007061A94211B00487DFB /* twelveTile.png */ = {isa = PBXFileReference; lastKnownFileType = image.png; path = twelveTile.png; sourceTree = "<group>"; };
		A2E007071A94211B00487DFB /* elevenTile.png */ = {isa = PBXFileReference; lastKnownFileType = image.png; path = elevenTile.png; sourceTree = "<group>"; };
		A2E007081A94211B00487DFB /* tenTile.png */ = {isa = PBXFileReference; lastKnownFileType = image.png; path = tenTile.png; sourceTree = "<group>"; };
		A2E007091A94211B00487DFB /* nineTile.png */ = {isa = PBXFileReference; lastKnownFileType = image.png; path = nineTile.png; sourceTree = "<group>"; };
		A2E0070A1A94211B00487DFB /* eightTile.png */ = {isa = PBXFileReference; lastKnownFileType = image.png; path = eightTile.png; sourceTree = "<group>"; };
		A2E0070B1A94211B00487DFB /* sevenTile.png */ = {isa = PBXFileReference; lastKnownFileType = image.png; path = sevenTile.png; sourceTree = "<group>"; };
		A2E0070C1A94211B00487DFB /* sixTile.png */ = {isa = PBXFileReference; lastKnownFileType = image.png; path = sixTile.png; sourceTree = "<group>"; };
		A2E0070D1A94211B00487DFB /* fiveTile.png */ = {isa = PBXFileReference; lastKnownFileType = image.png; path = fiveTile.png; sourceTree = "<group>"; };
		A2E0070E1A94211B00487DFB /* fourTile.png */ = {isa = PBXFileReference; lastKnownFileType = image.png; path = fourTile.png; sourceTree = "<group>"; };
		A2E0070F1A94211B00487DFB /* threeTile.png */ = {isa = PBXFileReference; lastKnownFileType = image.png; path = threeTile.png; sourceTree = "<group>"; };
		A2E007101A94211B00487DFB /* twoTile.png */ = {isa = PBXFileReference; lastKnownFileType = image.png; path = twoTile.png; sourceTree = "<group>"; };
		A2E007111A94211B00487DFB /* oneTile.png */ = {isa = PBXFileReference; lastKnownFileType = image.png; path = oneTile.png; sourceTree = "<group>"; };
		A2E007221A94268100487DFB /* Entitlements.plist */ = {isa = PBXFileReference; fileEncoding = 4; lastKnownFileType = text.plist.xml; path = Entitlements.plist; sourceTree = "<group>"; };
/* End PBXFileReference section */

/* Begin PBXFrameworksBuildPhase section */
		A2DB98F41A940EBF00CBBEDB /* Frameworks */ = {
			isa = PBXFrameworksBuildPhase;
			buildActionMask = 2147483647;
			files = (
			);
			runOnlyForDeploymentPostprocessing = 0;
		};
		A2DB990D1A940EC000CBBEDB /* Frameworks */ = {
			isa = PBXFrameworksBuildPhase;
			buildActionMask = 2147483647;
			files = (
			);
			runOnlyForDeploymentPostprocessing = 0;
		};
/* End PBXFrameworksBuildPhase section */

/* Begin PBXGroup section */
		A2DB98EE1A940EBF00CBBEDB = {
			isa = PBXGroup;
			children = (
				A2E007221A94268100487DFB /* Entitlements.plist */,
				A2DB98F91A940EC000CBBEDB /* Puzzle 15 */,
				A2DB99131A940EC000CBBEDB /* Puzzle 15Tests */,
				A2DB98F81A940EC000CBBEDB /* Products */,
			);
			sourceTree = "<group>";
		};
		A2DB98F81A940EC000CBBEDB /* Products */ = {
			isa = PBXGroup;
			children = (
				A2DB98F71A940EC000CBBEDB /* Puzzle 15.app */,
				A2DB99101A940EC000CBBEDB /* Puzzle 15Tests.xctest */,
			);
			name = Products;
			sourceTree = "<group>";
		};
		A2DB98F91A940EC000CBBEDB /* Puzzle 15 */ = {
			isa = PBXGroup;
			children = (
				A2DB98FE1A940EC000CBBEDB /* AppDelegate.h */,
				A2DB98FF1A940EC000CBBEDB /* AppDelegate.m */,
				A2DB99011A940EC000CBBEDB /* ViewController.h */,
				A2DB99021A940EC000CBBEDB /* ViewController.m */,
				A257FAD31A956CC8002DA810 /* PuzzleGame.h */,
				A257FAD41A956CC8002DA810 /* PuzzleGame.m */,
				A2DB99041A940EC000CBBEDB /* Main.storyboard */,
				A2DB99071A940EC000CBBEDB /* Images.xcassets */,
				A2DB99091A940EC000CBBEDB /* LaunchScreen.xib */,
				A2DB98FA1A940EC000CBBEDB /* Supporting Files */,
			);
			path = "Puzzle 15";
			sourceTree = "<group>";
		};
		A2DB98FA1A940EC000CBBEDB /* Supporting Files */ = {
			isa = PBXGroup;
			children = (
				A2269A101A947C2800892EB0 /* resetButton.png */,
				A2269A0D1A947B5F00892EB0 /* shuffleButton.png */,
				A2269A0A1A9479B400892EB0 /* title.png */,
				A2E007021A94211B00487DFB /* blankTile.png */,
				A2E007031A94211B00487DFB /* fifteenTile.png */,
				A2E007041A94211B00487DFB /* fourteenTile.png */,
				A2E007051A94211B00487DFB /* thirteenTile.png */,
				A2E007061A94211B00487DFB /* twelveTile.png */,
				A2E007071A94211B00487DFB /* elevenTile.png */,
				A2E007081A94211B00487DFB /* tenTile.png */,
				A2E007091A94211B00487DFB /* nineTile.png */,
				A2E0070A1A94211B00487DFB /* eightTile.png */,
				A2E0070B1A94211B00487DFB /* sevenTile.png */,
				A2E0070C1A94211B00487DFB /* sixTile.png */,
				A2E0070D1A94211B00487DFB /* fiveTile.png */,
				A2E0070E1A94211B00487DFB /* fourTile.png */,
				A2E0070F1A94211B00487DFB /* threeTile.png */,
				A2E007101A94211B00487DFB /* twoTile.png */,
				A2E007111A94211B00487DFB /* oneTile.png */,
				A2DB98FB1A940EC000CBBEDB /* Info.plist */,
				A2DB98FC1A940EC000CBBEDB /* main.m */,
			);
			name = "Supporting Files";
			sourceTree = "<group>";
		};
		A2DB99131A940EC000CBBEDB /* Puzzle 15Tests */ = {
			isa = PBXGroup;
			children = (
				A2DB99161A940EC000CBBEDB /* Puzzle_15Tests.m */,
				A2DB99141A940EC000CBBEDB /* Supporting Files */,
			);
			path = "Puzzle 15Tests";
			sourceTree = "<group>";
		};
		A2DB99141A940EC000CBBEDB /* Supporting Files */ = {
			isa = PBXGroup;
			children = (
				A2DB99151A940EC000CBBEDB /* Info.plist */,
			);
			name = "Supporting Files";
			sourceTree = "<group>";
		};
/* End PBXGroup section */

/* Begin PBXNativeTarget section */
		A2DB98F61A940EBF00CBBEDB /* Puzzle 15 */ = {
			isa = PBXNativeTarget;
			buildConfigurationList = A2DB991A1A940EC000CBBEDB /* Build configuration list for PBXNativeTarget "Puzzle 15" */;
			buildPhases = (
				A2DB98F31A940EBF00CBBEDB /* Sources */,
				A2DB98F41A940EBF00CBBEDB /* Frameworks */,
				A2DB98F51A940EBF00CBBEDB /* Resources */,
			);
			buildRules = (
			);
			dependencies = (
			);
			name = "Puzzle 15";
			productName = "Puzzle 15";
			productReference = A2DB98F71A940EC000CBBEDB /* Puzzle 15.app */;
			productType = "com.apple.product-type.application";
		};
		A2DB990F1A940EC000CBBEDB /* Puzzle 15Tests */ = {
			isa = PBXNativeTarget;
			buildConfigurationList = A2DB991D1A940EC000CBBEDB /* Build configuration list for PBXNativeTarget "Puzzle 15Tests" */;
			buildPhases = (
				A2DB990C1A940EC000CBBEDB /* Sources */,
				A2DB990D1A940EC000CBBEDB /* Frameworks */,
				A2DB990E1A940EC000CBBEDB /* Resources */,
			);
			buildRules = (
			);
			dependencies = (
				A2DB99121A940EC000CBBEDB /* PBXTargetDependency */,
			);
			name = "Puzzle 15Tests";
			productName = "Puzzle 15Tests";
			productReference = A2DB99101A940EC000CBBEDB /* Puzzle 15Tests.xctest */;
			productType = "com.apple.product-type.bundle.unit-test";
		};
/* End PBXNativeTarget section */

/* Begin PBXProject section */
		A2DB98EF1A940EBF00CBBEDB /* Project object */ = {
			isa = PBXProject;
			attributes = {
				LastUpgradeCheck = 0610;
				ORGANIZATIONNAME = "Brad Taylor";
				TargetAttributes = {
					A2DB98F61A940EBF00CBBEDB = {
						CreatedOnToolsVersion = 6.1.1;
					};
					A2DB990F1A940EC000CBBEDB = {
						CreatedOnToolsVersion = 6.1.1;
						TestTargetID = A2DB98F61A940EBF00CBBEDB;
					};
				};
			};
			buildConfigurationList = A2DB98F21A940EBF00CBBEDB /* Build configuration list for PBXProject "Puzzle 15" */;
			compatibilityVersion = "Xcode 3.2";
			developmentRegion = English;
			hasScannedForEncodings = 0;
			knownRegions = (
				en,
				Base,
			);
			mainGroup = A2DB98EE1A940EBF00CBBEDB;
			productRefGroup = A2DB98F81A940EC000CBBEDB /* Products */;
			projectDirPath = "";
			projectRoot = "";
			targets = (
				A2DB98F61A940EBF00CBBEDB /* Puzzle 15 */,
				A2DB990F1A940EC000CBBEDB /* Puzzle 15Tests */,
			);
		};
/* End PBXProject section */

/* Begin PBXResourcesBuildPhase section */
		A2DB98F51A940EBF00CBBEDB /* Resources */ = {
			isa = PBXResourcesBuildPhase;
			buildActionMask = 2147483647;
			files = (
				A2269A0F1A947B5F00892EB0 /* shuffleButton.png in Resources */,
				A2E007171A94211B00487DFB /* elevenTile.png in Resources */,
				A2E007131A94211B00487DFB /* fifteenTile.png in Resources */,
				A2269A0B1A9479B400892EB0 /* title.png in Resources */,
				A2E0071C1A94211B00487DFB /* sixTile.png in Resources */,
				A2DB99061A940EC000CBBEDB /* Main.storyboard in Resources */,
				A2DB990B1A940EC000CBBEDB /* LaunchScreen.xib in Resources */,
				A2E007211A94211B00487DFB /* oneTile.png in Resources */,
				A2E0071D1A94211B00487DFB /* fiveTile.png in Resources */,
				A2E007201A94211B00487DFB /* twoTile.png in Resources */,
				A2E007231A94268100487DFB /* Entitlements.plist in Resources */,
				A2E007141A94211B00487DFB /* fourteenTile.png in Resources */,
				A2E0071B1A94211B00487DFB /* sevenTile.png in Resources */,
				A2269A111A947C2800892EB0 /* resetButton.png in Resources */,
				A2E007121A94211B00487DFB /* blankTile.png in Resources */,
				A2E0071E1A94211B00487DFB /* fourTile.png in Resources */,
				A2E007151A94211B00487DFB /* thirteenTile.png in Resources */,
				A2E0071A1A94211B00487DFB /* eightTile.png in Resources */,
				A2E0071F1A94211B00487DFB /* threeTile.png in Resources */,
				A2E007181A94211B00487DFB /* tenTile.png in Resources */,
				A2E007161A94211B00487DFB /* twelveTile.png in Resources */,
				A2DB99081A940EC000CBBEDB /* Images.xcassets in Resources */,
				A2E007191A94211B00487DFB /* nineTile.png in Resources */,
			);
			runOnlyForDeploymentPostprocessing = 0;
		};
		A2DB990E1A940EC000CBBEDB /* Resources */ = {
			isa = PBXResourcesBuildPhase;
			buildActionMask = 2147483647;
			files = (
			);
			runOnlyForDeploymentPostprocessing = 0;
		};
/* End PBXResourcesBuildPhase section */

/* Begin PBXSourcesBuildPhase section */
		A2DB98F31A940EBF00CBBEDB /* Sources */ = {
			isa = PBXSourcesBuildPhase;
			buildActionMask = 2147483647;
			files = (
				A2DB99031A940EC000CBBEDB /* ViewController.m in Sources */,
				A2DB99001A940EC000CBBEDB /* AppDelegate.m in Sources */,
				A2DB98FD1A940EC000CBBEDB /* main.m in Sources */,
				A257FAD51A956CC8002DA810 /* PuzzleGame.m in Sources */,
			);
			runOnlyForDeploymentPostprocessing = 0;
		};
		A2DB990C1A940EC000CBBEDB /* Sources */ = {
			isa = PBXSourcesBuildPhase;
			buildActionMask = 2147483647;
			files = (
				A2DB99171A940EC000CBBEDB /* Puzzle_15Tests.m in Sources */,
			);
			runOnlyForDeploymentPostprocessing = 0;
		};
/* End PBXSourcesBuildPhase section */

/* Begin PBXTargetDependency section */
		A2DB99121A940EC000CBBEDB /* PBXTargetDependency */ = {
			isa = PBXTargetDependency;
			target = A2DB98F61A940EBF00CBBEDB /* Puzzle 15 */;
			targetProxy = A2DB99111A940EC000CBBEDB /* PBXContainerItemProxy */;
		};
/* End PBXTargetDependency section */

/* Begin PBXVariantGroup section */
		A2DB99041A940EC000CBBEDB /* Main.storyboard */ = {
			isa = PBXVariantGroup;
			children = (
				A2DB99051A940EC000CBBEDB /* Base */,
			);
			name = Main.storyboard;
			sourceTree = "<group>";
		};
		A2DB99091A940EC000CBBEDB /* LaunchScreen.xib */ = {
			isa = PBXVariantGroup;
			children = (
				A2DB990A1A940EC000CBBEDB /* Base */,
			);
			name = LaunchScreen.xib;
			sourceTree = "<group>";
		};
/* End PBXVariantGroup section */

/* Begin XCBuildConfiguration section */
		A2DB99181A940EC000CBBEDB /* Debug */ = {
			isa = XCBuildConfiguration;
			buildSettings = {
				ALWAYS_SEARCH_USER_PATHS = NO;
				CLANG_CXX_LANGUAGE_STANDARD = "gnu++0x";
				CLANG_CXX_LIBRARY = "libc++";
				CLANG_ENABLE_MODULES = YES;
				CLANG_ENABLE_OBJC_ARC = YES;
				CLANG_WARN_BOOL_CONVERSION = YES;
				CLANG_WARN_CONSTANT_CONVERSION = YES;
				CLANG_WARN_DIRECT_OBJC_ISA_USAGE = YES_ERROR;
				CLANG_WARN_EMPTY_BODY = YES;
				CLANG_WARN_ENUM_CONVERSION = YES;
				CLANG_WARN_INT_CONVERSION = YES;
				CLANG_WARN_OBJC_ROOT_CLASS = YES_ERROR;
				CLANG_WARN_UNREACHABLE_CODE = YES;
				CLANG_WARN__DUPLICATE_METHOD_MATCH = YES;
				CODE_SIGN_ENTITLEMENTS = Entitlements.plist;
				"CODE_SIGN_IDENTITY[sdk=iphoneos*]" = "";
				COPY_PHASE_STRIP = NO;
				ENABLE_STRICT_OBJC_MSGSEND = YES;
				GCC_C_LANGUAGE_STANDARD = gnu99;
				GCC_DYNAMIC_NO_PIC = NO;
				GCC_OPTIMIZATION_LEVEL = 0;
				GCC_PREPROCESSOR_DEFINITIONS = (
					"DEBUG=1",
					"$(inherited)",
				);
				GCC_SYMBOLS_PRIVATE_EXTERN = NO;
				GCC_WARN_64_TO_32_BIT_CONVERSION = YES;
				GCC_WARN_ABOUT_RETURN_TYPE = YES_ERROR;
				GCC_WARN_UNDECLARED_SELECTOR = YES;
				GCC_WARN_UNINITIALIZED_AUTOS = YES_AGGRESSIVE;
				GCC_WARN_UNUSED_FUNCTION = YES;
				GCC_WARN_UNUSED_VARIABLE = YES;
				IPHONEOS_DEPLOYMENT_TARGET = 8.1;
				MTL_ENABLE_DEBUG_INFO = YES;
				ONLY_ACTIVE_ARCH = YES;
				SDKROOT = iphoneos;
			};
			name = Debug;
		};
		A2DB99191A940EC000CBBEDB /* Release */ = {
			isa = XCBuildConfiguration;
			buildSettings = {
				ALWAYS_SEARCH_USER_PATHS = NO;
				CLANG_CXX_LANGUAGE_STANDARD = "gnu++0x";
				CLANG_CXX_LIBRARY = "libc++";
				CLANG_ENABLE_MODULES = YES;
				CLANG_ENABLE_OBJC_ARC = YES;
				CLANG_WARN_BOOL_CONVERSION = YES;
				CLANG_WARN_CONSTANT_CONVERSION = YES;
				CLANG_WARN_DIRECT_OBJC_ISA_USAGE = YES_ERROR;
				CLANG_WARN_EMPTY_BODY = YES;
				CLANG_WARN_ENUM_CONVERSION = YES;
				CLANG_WARN_INT_CONVERSION = YES;
				CLANG_WARN_OBJC_ROOT_CLASS = YES_ERROR;
				CLANG_WARN_UNREACHABLE_CODE = YES;
				CLANG_WARN__DUPLICATE_METHOD_MATCH = YES;
				CODE_SIGN_ENTITLEMENTS = Entitlements.plist;
				"CODE_SIGN_IDENTITY[sdk=iphoneos*]" = "";
				COPY_PHASE_STRIP = YES;
				ENABLE_NS_ASSERTIONS = NO;
				ENABLE_STRICT_OBJC_MSGSEND = YES;
				GCC_C_LANGUAGE_STANDARD = gnu99;
				GCC_WARN_64_TO_32_BIT_CONVERSION = YES;
				GCC_WARN_ABOUT_RETURN_TYPE = YES_ERROR;
				GCC_WARN_UNDECLARED_SELECTOR = YES;
				GCC_WARN_UNINITIALIZED_AUTOS = YES_AGGRESSIVE;
				GCC_WARN_UNUSED_FUNCTION = YES;
				GCC_WARN_UNUSED_VARIABLE = YES;
				IPHONEOS_DEPLOYMENT_TARGET = 8.1;
				MTL_ENABLE_DEBUG_INFO = NO;
				SDKROOT = iphoneos;
				VALIDATE_PRODUCT = YES;
			};
			name = Release;
		};
		A2DB991B1A940EC000CBBEDB /* Debug */ = {
			isa = XCBuildConfiguration;
			buildSettings = {
				ASSETCATALOG_COMPILER_APPICON_NAME = AppIcon;
				INFOPLIST_FILE = "Puzzle 15/Info.plist";
				LD_RUNPATH_SEARCH_PATHS = "$(inherited) @executable_path/Frameworks";
				PRODUCT_NAME = "$(TARGET_NAME)";
			};
			name = Debug;
		};
		A2DB991C1A940EC000CBBEDB /* Release */ = {
			isa = XCBuildConfiguration;
			buildSettings = {
				ASSETCATALOG_COMPILER_APPICON_NAME = AppIcon;
				INFOPLIST_FILE = "Puzzle 15/Info.plist";
				LD_RUNPATH_SEARCH_PATHS = "$(inherited) @executable_path/Frameworks";
				PRODUCT_NAME = "$(TARGET_NAME)";
			};
			name = Release;
		};
		A2DB991E1A940EC000CBBEDB /* Debug */ = {
			isa = XCBuildConfiguration;
			buildSettings = {
				BUNDLE_LOADER = "$(TEST_HOST)";
				FRAMEWORK_SEARCH_PATHS = (
					"$(SDKROOT)/Developer/Library/Frameworks",
					"$(inherited)",
				);
				GCC_PREPROCESSOR_DEFINITIONS = (
					"DEBUG=1",
					"$(inherited)",
				);
				INFOPLIST_FILE = "Puzzle 15Tests/Info.plist";
				LD_RUNPATH_SEARCH_PATHS = "$(inherited) @executable_path/Frameworks @loader_path/Frameworks";
				PRODUCT_NAME = "$(TARGET_NAME)";
				TEST_HOST = "$(BUILT_PRODUCTS_DIR)/Puzzle 15.app/Puzzle 15";
			};
			name = Debug;
		};
		A2DB991F1A940EC000CBBEDB /* Release */ = {
			isa = XCBuildConfiguration;
			buildSettings = {
				BUNDLE_LOADER = "$(TEST_HOST)";
				FRAMEWORK_SEARCH_PATHS = (
					"$(SDKROOT)/Developer/Library/Frameworks",
					"$(inherited)",
				);
				INFOPLIST_FILE = "Puzzle 15Tests/Info.plist";
				LD_RUNPATH_SEARCH_PATHS = "$(inherited) @executable_path/Frameworks @loader_path/Frameworks";
				PRODUCT_NAME = "$(TARGET_NAME)";
				TEST_HOST = "$(BUILT_PRODUCTS_DIR)/Puzzle 15.app/Puzzle 15";
			};
			name = Release;
		};
/* End XCBuildConfiguration section */

/* Begin XCConfigurationList section */
		A2DB98F21A940EBF00CBBEDB /* Build configuration list for PBXProject "Puzzle 15" */ = {
			isa = XCConfigurationList;
			buildConfigurations = (
				A2DB99181A940EC000CBBEDB /* Debug */,
				A2DB99191A940EC000CBBEDB /* Release */,
			);
			defaultConfigurationIsVisible = 0;
			defaultConfigurationName = Release;
		};
		A2DB991A1A940EC000CBBEDB /* Build configuration list for PBXNativeTarget "Puzzle 15" */ = {
			isa = XCConfigurationList;
			buildConfigurations = (
				A2DB991B1A940EC000CBBEDB /* Debug */,
				A2DB991C1A940EC000CBBEDB /* Release */,
			);
			defaultConfigurationIsVisible = 0;
			defaultConfigurationName = Release;
		};
		A2DB991D1A940EC000CBBEDB /* Build configuration list for PBXNativeTarget "Puzzle 15Tests" */ = {
			isa = XCConfigurationList;
			buildConfigurations = (
				A2DB991E1A940EC000CBBEDB /* Debug */,
				A2DB991F1A940EC000CBBEDB /* Release */,
			);
			defaultConfigurationIsVisible = 0;
			defaultConfigurationName = Release;
		};
/* End XCConfigurationList section */
	};
	rootObject = A2DB98EF1A940EBF00CBBEDB /* Project object */;
}
